
Microsoft Visual Studio Solution File, Format Version 12.00
# Visual Studio Version 16
VisualStudioVersion = 16.0.29613.14
MinimumVisualStudioVersion = 10.0.40219.1
Project("{FAE04EC0-301F-11D3-BF4B-00C04F79EFBC}") = "ProblemF", "ProblemF\ProblemF.csproj", "{1EC4A50D-9A98-4863-8EB9-BAA4A2C07975}"
EndProject
Project("{FAE04EC0-301F-11D3-BF4B-00C04F79EFBC}") = "Cysterny", "Cysterny\Cysterny.csproj", "{3DF6F7DB-0795-4F13-84EB-E625B9A6ECA0}"
EndProject
Project("{FAE04EC0-301F-11D3-BF4B-00C04F79EFBC}") = "WPFVisualizer", "WPFVisualizer\WPFVisualizer.csproj", "{A49ED026-331D-4875-AE2D-F506186B1C68}"
EndProject
Global
	GlobalSection(SolutionConfigurationPlatforms) = preSolution
		Debug|Any CPU = Debug|Any CPU
		Release|Any CPU = Release|Any CPU
	EndGlobalSection
	GlobalSection(ProjectConfigurationPlatforms) = postSolution
		{1EC4A50D-9A98-4863-8EB9-BAA4A2C07975}.Debug|Any CPU.ActiveCfg = Debug|Any CPU
		{1EC4A50D-9A98-4863-8EB9-BAA4A2C07975}.Debug|Any CPU.Build.0 = Debug|Any CPU
		{1EC4A50D-9A98-4863-8EB9-BAA4A2C07975}.Release|Any CPU.ActiveCfg = Release|Any CPU
		{1EC4A50D-9A98-4863-8EB9-BAA4A2C07975}.Release|Any CPU.Build.0 = Release|Any CPU
		{3DF6F7DB-0795-4F13-84EB-E625B9A6ECA0}.Debug|Any CPU.ActiveCfg = Debug|Any CPU
		{3DF6F7DB-0795-4F13-84EB-E625B9A6ECA0}.Debug|Any CPU.Build.0 = Debug|Any CPU
		{3DF6F7DB-0795-4F13-84EB-E625B9A6ECA0}.Release|Any CPU.ActiveCfg = Release|Any CPU
		{3DF6F7DB-0795-4F13-84EB-E625B9A6ECA0}.Release|Any CPU.Build.0 = Release|Any CPU
		{A49ED026-331D-4875-AE2D-F506186B1C68}.Debug|Any CPU.ActiveCfg = Debug|Any CPU
		{A49ED026-331D-4875-AE2D-F506186B1C68}.Debug|Any CPU.Build.0 = Debug|Any CPU
		{A49ED026-331D-4875-AE2D-F506186B1C68}.Release|Any CPU.ActiveCfg = Release|Any CPU
		{A49ED026-331D-4875-AE2D-F506186B1C68}.Release|Any CPU.Build.0 = Release|Any CPU
	EndGlobalSection
	GlobalSection(SolutionProperties) = preSolution
		HideSolutionNode = FALSE
	EndGlobalSection
	GlobalSection(ExtensibilityGlobals) = postSolution
		SolutionGuid = {98AB6384-9595-44DA-9B2F-0CB37DAC5146}
	EndGlobalSection
EndGlobal
